// !$*UTF8*$!
{
	archiveVersion = 1;
	classes = {
	};
	objectVersion = 56;
	objects = {

/* Begin PBXBuildFile section */
		ADA78D7229E17446000332FC /* SwiftVovaApp.swift in Sources */ = {isa = PBXBuildFile; fileRef = ADA78D7129E17446000332FC /* SwiftVovaApp.swift */; };
		ADA78D7429E17446000332FC /* ContentView.swift in Sources */ = {isa = PBXBuildFile; fileRef = ADA78D7329E17446000332FC /* ContentView.swift */; };
		ADA78D7629E17448000332FC /* Assets.xcassets in Resources */ = {isa = PBXBuildFile; fileRef = ADA78D7529E17448000332FC /* Assets.xcassets */; };
		ADA78D7929E17448000332FC /* Preview Assets.xcassets in Resources */ = {isa = PBXBuildFile; fileRef = ADA78D7829E17448000332FC /* Preview Assets.xcassets */; };
		ADA78D8029E17460000332FC /* ProductModel.swift in Sources */ = {isa = PBXBuildFile; fileRef = ADA78D7F29E17460000332FC /* ProductModel.swift */; };
		ADA78D8329E174F6000332FC /* CoreDataModel.xcdatamodeld in Sources */ = {isa = PBXBuildFile; fileRef = ADA78D8129E174F6000332FC /* CoreDataModel.xcdatamodeld */; };
		ADA78D8529E17657000332FC /* CoreDataManager.swift in Sources */ = {isa = PBXBuildFile; fileRef = ADA78D8429E17657000332FC /* CoreDataManager.swift */; };
		ADA78D8729E177B1000332FC /* ViewModel.swift in Sources */ = {isa = PBXBuildFile; fileRef = ADA78D8629E177B1000332FC /* ViewModel.swift */; };
		ADA78D8929E17900000332FC /* ApiView.swift in Sources */ = {isa = PBXBuildFile; fileRef = ADA78D8829E17900000332FC /* ApiView.swift */; };
		ADA78D8B29E1790A000332FC /* CoreDataView.swift in Sources */ = {isa = PBXBuildFile; fileRef = ADA78D8A29E1790A000332FC /* CoreDataView.swift */; };
		ADA78D8D29E17ACD000332FC /* CoreViewModel.swift in Sources */ = {isa = PBXBuildFile; fileRef = ADA78D8C29E17ACD000332FC /* CoreViewModel.swift */; };
/* End PBXBuildFile section */

/* Begin PBXFileReference section */
		ADA78D6E29E17446000332FC /* SwiftVova.app */ = {isa = PBXFileReference; explicitFileType = wrapper.application; includeInIndex = 0; path = SwiftVova.app; sourceTree = BUILT_PRODUCTS_DIR; };
		ADA78D7129E17446000332FC /* SwiftVovaApp.swift */ = {isa = PBXFileReference; lastKnownFileType = sourcecode.swift; path = SwiftVovaApp.swift; sourceTree = "<group>"; };
		ADA78D7329E17446000332FC /* ContentView.swift */ = {isa = PBXFileReference; lastKnownFileType = sourcecode.swift; path = ContentView.swift; sourceTree = "<group>"; };
		ADA78D7529E17448000332FC /* Assets.xcassets */ = {isa = PBXFileReference; lastKnownFileType = folder.assetcatalog; path = Assets.xcassets; sourceTree = "<group>"; };
		ADA78D7829E17448000332FC /* Preview Assets.xcassets */ = {isa = PBXFileReference; lastKnownFileType = folder.assetcatalog; path = "Preview Assets.xcassets"; sourceTree = "<group>"; };
		ADA78D7F29E17460000332FC /* ProductModel.swift */ = {isa = PBXFileReference; lastKnownFileType = sourcecode.swift; path = ProductModel.swift; sourceTree = "<group>"; };
		ADA78D8229E174F6000332FC /* CoreDataModel.xcdatamodel */ = {isa = PBXFileReference; lastKnownFileType = wrapper.xcdatamodel; path = CoreDataModel.xcdatamodel; sourceTree = "<group>"; };
		ADA78D8429E17657000332FC /* CoreDataManager.swift */ = {isa = PBXFileReference; lastKnownFileType = sourcecode.swift; path = CoreDataManager.swift; sourceTree = "<group>"; };
		ADA78D8629E177B1000332FC /* ViewModel.swift */ = {isa = PBXFileReference; lastKnownFileType = sourcecode.swift; path = ViewModel.swift; sourceTree = "<group>"; };
		ADA78D8829E17900000332FC /* ApiView.swift */ = {isa = PBXFileReference; lastKnownFileType = sourcecode.swift; path = ApiView.swift; sourceTree = "<group>"; };
		ADA78D8A29E1790A000332FC /* CoreDataView.swift */ = {isa = PBXFileReference; lastKnownFileType = sourcecode.swift; path = CoreDataView.swift; sourceTree = "<group>"; };
		ADA78D8C29E17ACD000332FC /* CoreViewModel.swift */ = {isa = PBXFileReference; lastKnownFileType = sourcecode.swift; path = CoreViewModel.swift; sourceTree = "<group>"; };
/* End PBXFileReference section */

/* Begin PBXFrameworksBuildPhase section */
		ADA78D6B29E17446000332FC /* Frameworks */ = {
			isa = PBXFrameworksBuildPhase;
			buildActionMask = 2147483647;
			files = (
			);
			runOnlyForDeploymentPostprocessing = 0;
		};
/* End PBXFrameworksBuildPhase section */

/* Begin PBXGroup section */
		ADA78D6529E17446000332FC = {
			isa = PBXGroup;
			children = (
				ADA78D7029E17446000332FC /* SwiftVova */,
				ADA78D6F29E17446000332FC /* Products */,
			);
			sourceTree = "<group>";
		};
		ADA78D6F29E17446000332FC /* Products */ = {
			isa = PBXGroup;
			children = (
				ADA78D6E29E17446000332FC /* SwiftVova.app */,
			);
			name = Products;
			sourceTree = "<group>";
		};
		ADA78D7029E17446000332FC /* SwiftVova */ = {
			isa = PBXGroup;
			children = (
				ADA78D7129E17446000332FC /* SwiftVovaApp.swift */,
				ADA78D7329E17446000332FC /* ContentView.swift */,
				ADA78D7529E17448000332FC /* Assets.xcassets */,
				ADA78D7729E17448000332FC /* Preview Content */,
				ADA78D7F29E17460000332FC /* ProductModel.swift */,
				ADA78D8129E174F6000332FC /* CoreDataModel.xcdatamodeld */,
				ADA78D8429E17657000332FC /* CoreDataManager.swift */,
				ADA78D8629E177B1000332FC /* ViewModel.swift */,
				ADA78D8829E17900000332FC /* ApiView.swift */,
				ADA78D8A29E1790A000332FC /* CoreDataView.swift */,
				ADA78D8C29E17ACD000332FC /* CoreViewModel.swift */,
			);
			path = SwiftVova;
			sourceTree = "<group>";
		};
		ADA78D7729E17448000332FC /* Preview Content */ = {
			isa = PBXGroup;
			children = (
				ADA78D7829E17448000332FC /* Preview Assets.xcassets */,
			);
			path = "Preview Content";
			sourceTree = "<group>";
		};
/* End PBXGroup section */

/* Begin PBXNativeTarget section */
		ADA78D6D29E17446000332FC /* SwiftVova */ = {
			isa = PBXNativeTarget;
			buildConfigurationList = ADA78D7C29E17448000332FC /* Build configuration list for PBXNativeTarget "SwiftVova" */;
			buildPhases = (
				ADA78D6A29E17446000332FC /* Sources */,
				ADA78D6B29E17446000332FC /* Frameworks */,
				ADA78D6C29E17446000332FC /* Resources */,
			);
			buildRules = (
			);
			dependencies = (
			);
			name = SwiftVova;
			productName = SwiftVova;
			productReference = ADA78D6E29E17446000332FC /* SwiftVova.app */;
			productType = "com.apple.product-type.application";
		};
/* End PBXNativeTarget section */

/* Begin PBXProject section */
		ADA78D6629E17446000332FC /* Project object */ = {
			isa = PBXProject;
			attributes = {
				BuildIndependentTargetsInParallel = 1;
				LastSwiftUpdateCheck = 1420;
				LastUpgradeCheck = 1420;
				TargetAttributes = {
					ADA78D6D29E17446000332FC = {
						CreatedOnToolsVersion = 14.2;
					};
				};
			};
			buildConfigurationList = ADA78D6929E17446000332FC /* Build configuration list for PBXProject "SwiftVova" */;
			compatibilityVersion = "Xcode 14.0";
			developmentRegion = en;
			hasScannedForEncodings = 0;
			knownRegions = (
				en,
				Base,
			);
			mainGroup = ADA78D6529E17446000332FC;
			productRefGroup = ADA78D6F29E17446000332FC /* Products */;
			projectDirPath = "";
			projectRoot = "";
			targets = (
				ADA78D6D29E17446000332FC /* SwiftVova */,
			);
		};
/* End PBXProject section */

/* Begin PBXResourcesBuildPhase section */
		ADA78D6C29E17446000332FC /* Resources */ = {
			isa = PBXResourcesBuildPhase;
			buildActionMask = 2147483647;
			files = (
				ADA78D7929E17448000332FC /* Preview Assets.xcassets in Resources */,
				ADA78D7629E17448000332FC /* Assets.xcassets in Resources */,
			);
			runOnlyForDeploymentPostprocessing = 0;
		};
/* End PBXResourcesBuildPhase section */

/* Begin PBXSourcesBuildPhase section */
		ADA78D6A29E17446000332FC /* Sources */ = {
			isa = PBXSourcesBuildPhase;
			buildActionMask = 2147483647;
			files = (
				ADA78D7429E17446000332FC /* ContentView.swift in Sources */,
				ADA78D8029E17460000332FC /* ProductModel.swift in Sources */,
				ADA78D8329E174F6000332FC /* CoreDataModel.xcdatamodeld in Sources */,
				ADA78D8B29E1790A000332FC /* CoreDataView.swift in Sources */,
				ADA78D8D29E17ACD000332FC /* CoreViewModel.swift in Sources */,
				ADA78D8929E17900000332FC /* ApiView.swift in Sources */,
				ADA78D8529E17657000332FC /* CoreDataManager.swift in Sources */,
				ADA78D8729E177B1000332FC /* ViewModel.swift in Sources */,
				ADA78D7229E17446000332FC /* SwiftVovaApp.swift in Sources */,
			);
			runOnlyForDeploymentPostprocessing = 0;
		};
/* End PBXSourcesBuildPhase section */

/* Begin XCBuildConfiguration section */
		ADA78D7A29E17448000332FC /* Debug */ = {
			isa = XCBuildConfiguration;
			buildSettings = {
				ALWAYS_SEARCH_USER_PATHS = NO;
				CLANG_ANALYZER_NONNULL = YES;
				CLANG_ANALYZER_NUMBER_OBJECT_CONVERSION = YES_AGGRESSIVE;
				CLANG_CXX_LANGUAGE_STANDARD = "gnu++20";
				CLANG_ENABLE_MODULES = YES;
				CLANG_ENABLE_OBJC_ARC = YES;
				CLANG_ENABLE_OBJC_WEAK = YES;
				CLANG_WARN_BLOCK_CAPTURE_AUTORELEASING = YES;
				CLANG_WARN_BOOL_CONVERSION = YES;
				CLANG_WARN_COMMA = YES;
				CLANG_WARN_CONSTANT_CONVERSION = YES;
				CLANG_WARN_DEPRECATED_OBJC_IMPLEMENTATIONS = YES;
				CLANG_WARN_DIRECT_OBJC_ISA_USAGE = YES_ERROR;
				CLANG_WARN_DOCUMENTATION_COMMENTS = YES;
				CLANG_WARN_EMPTY_BODY = YES;
				CLANG_WARN_ENUM_CONVERSION = YES;
				CLANG_WARN_INFINITE_RECURSION = YES;
				CLANG_WARN_INT_CONVERSION = YES;
				CLANG_WARN_NON_LITERAL_NULL_CONVERSION = YES;
				CLANG_WARN_OBJC_IMPLICIT_RETAIN_SELF = YES;
				CLANG_WARN_OBJC_LITERAL_CONVERSION = YES;
				CLANG_WARN_OBJC_ROOT_CLASS = YES_ERROR;
				CLANG_WARN_QUOTED_INCLUDE_IN_FRAMEWORK_HEADER = YES;
				CLANG_WARN_RANGE_LOOP_ANALYSIS = YES;
				CLANG_WARN_STRICT_PROTOTYPES = YES;
				CLANG_WARN_SUSPICIOUS_MOVE = YES;
				CLANG_WARN_UNGUARDED_AVAILABILITY = YES_AGGRESSIVE;
				CLANG_WARN_UNREACHABLE_CODE = YES;
				CLANG_WARN__DUPLICATE_METHOD_MATCH = YES;
				COPY_PHASE_STRIP = NO;
				DEBUG_INFORMATION_FORMAT = dwarf;
				ENABLE_STRICT_OBJC_MSGSEND = YES;
				ENABLE_TESTABILITY = YES;
				GCC_C_LANGUAGE_STANDARD = gnu11;
				GCC_DYNAMIC_NO_PIC = NO;
				GCC_NO_COMMON_BLOCKS = YES;
				GCC_OPTIMIZATION_LEVEL = 0;
				GCC_PREPROCESSOR_DEFINITIONS = (
					"DEBUG=1",
					"$(inherited)",
				);
				GCC_WARN_64_TO_32_BIT_CONVERSION = YES;
				GCC_WARN_ABOUT_RETURN_TYPE = YES_ERROR;
				GCC_WARN_UNDECLARED_SELECTOR = YES;
				GCC_WARN_UNINITIALIZED_AUTOS = YES_AGGRESSIVE;
				GCC_WARN_UNUSED_FUNCTION = YES;
				GCC_WARN_UNUSED_VARIABLE = YES;
				IPHONEOS_DEPLOYMENT_TARGET = 16.2;
				MTL_ENABLE_DEBUG_INFO = INCLUDE_SOURCE;
				MTL_FAST_MATH = YES;
				ONLY_ACTIVE_ARCH = YES;
				SDKROOT = iphoneos;
				SWIFT_ACTIVE_COMPILATION_CONDITIONS = DEBUG;
				SWIFT_OPTIMIZATION_LEVEL = "-Onone";
			};
			name = Debug;
		};
		ADA78D7B29E17448000332FC /* Release */ = {
			isa = XCBuildConfiguration;
			buildSettings = {
				ALWAYS_SEARCH_USER_PATHS = NO;
				CLANG_ANALYZER_NONNULL = YES;
				CLANG_ANALYZER_NUMBER_OBJECT_CONVERSION = YES_AGGRESSIVE;
				CLANG_CXX_LANGUAGE_STANDARD = "gnu++20";
				CLANG_ENABLE_MODULES = YES;
				CLANG_ENABLE_OBJC_ARC = YES;
				CLANG_ENABLE_OBJC_WEAK = YES;
				CLANG_WARN_BLOCK_CAPTURE_AUTORELEASING = YES;
				CLANG_WARN_BOOL_CONVERSION = YES;
				CLANG_WARN_COMMA = YES;
				CLANG_WARN_CONSTANT_CONVERSION = YES;
				CLANG_WARN_DEPRECATED_OBJC_IMPLEMENTATIONS = YES;
				CLANG_WARN_DIRECT_OBJC_ISA_USAGE = YES_ERROR;
				CLANG_WARN_DOCUMENTATION_COMMENTS = YES;
				CLANG_WARN_EMPTY_BODY = YES;
				CLANG_WARN_ENUM_CONVERSION = YES;
				CLANG_WARN_INFINITE_RECURSION = YES;
				CLANG_WARN_INT_CONVERSION = YES;
				CLANG_WARN_NON_LITERAL_NULL_CONVERSION = YES;
				CLANG_WARN_OBJC_IMPLICIT_RETAIN_SELF = YES;
				CLANG_WARN_OBJC_LITERAL_CONVERSION = YES;
				CLANG_WARN_OBJC_ROOT_CLASS = YES_ERROR;
				CLANG_WARN_QUOTED_INCLUDE_IN_FRAMEWORK_HEADER = YES;
				CLANG_WARN_RANGE_LOOP_ANALYSIS = YES;
				CLANG_WARN_STRICT_PROTOTYPES = YES;
				CLANG_WARN_SUSPICIOUS_MOVE = YES;
				CLANG_WARN_UNGUARDED_AVAILABILITY = YES_AGGRESSIVE;
				CLANG_WARN_UNREACHABLE_CODE = YES;
				CLANG_WARN__DUPLICATE_METHOD_MATCH = YES;
				COPY_PHASE_STRIP = NO;
				DEBUG_INFORMATION_FORMAT = "dwarf-with-dsym";
				ENABLE_NS_ASSERTIONS = NO;
				ENABLE_STRICT_OBJC_MSGSEND = YES;
				GCC_C_LANGUAGE_STANDARD = gnu11;
				GCC_NO_COMMON_BLOCKS = YES;
				GCC_WARN_64_TO_32_BIT_CONVERSION = YES;
				GCC_WARN_ABOUT_RETURN_TYPE = YES_ERROR;
				GCC_WARN_UNDECLARED_SELECTOR = YES;
				GCC_WARN_UNINITIALIZED_AUTOS = YES_AGGRESSIVE;
				GCC_WARN_UNUSED_FUNCTION = YES;
				GCC_WARN_UNUSED_VARIABLE = YES;
				IPHONEOS_DEPLOYMENT_TARGET = 16.2;
				MTL_ENABLE_DEBUG_INFO = NO;
				MTL_FAST_MATH = YES;
				SDKROOT = iphoneos;
				SWIFT_COMPILATION_MODE = wholemodule;
				SWIFT_OPTIMIZATION_LEVEL = "-O";
				VALIDATE_PRODUCT = YES;
			};
			name = Release;
		};
		ADA78D7D29E17448000332FC /* Debug */ = {
			isa = XCBuildConfiguration;
			buildSettings = {
				ASSETCATALOG_COMPILER_APPICON_NAME = AppIcon;
				ASSETCATALOG_COMPILER_GLOBAL_ACCENT_COLOR_NAME = AccentColor;
				CODE_SIGN_STYLE = Automatic;
				CURRENT_PROJECT_VERSION = 1;
				DEVELOPMENT_ASSET_PATHS = "\"SwiftVova/Preview Content\"";
				ENABLE_PREVIEWS = YES;
				GENERATE_INFOPLIST_FILE = YES;
				INFOPLIST_KEY_UIApplicationSceneManifest_Generation = YES;
				INFOPLIST_KEY_UIApplicationSupportsIndirectInputEvents = YES;
				INFOPLIST_KEY_UILaunchScreen_Generation = YES;
				INFOPLIST_KEY_UISupportedInterfaceOrientations_iPad = "UIInterfaceOrientationPortrait UIInterfaceOrientationPortraitUpsideDown UIInterfaceOrientationLandscapeLeft UIInterfaceOrientationLandscapeRight";
				INFOPLIST_KEY_UISupportedInterfaceOrientations_iPhone = "UIInterfaceOrientationPortrait UIInterfaceOrientationLandscapeLeft UIInterfaceOrientationLandscapeRight";
				LD_RUNPATH_SEARCH_PATHS = (
					"$(inherited)",
					"@executable_path/Frameworks",
				);
				MARKETING_VERSION = 1.0;
				PRODUCT_BUNDLE_IDENTIFIER = gtest.SwiftVova;
				PRODUCT_NAME = "$(TARGET_NAME)";
				SWIFT_EMIT_LOC_STRINGS = YES;
				SWIFT_VERSION = 5.0;
				TARGETED_DEVICE_FAMILY = "1,2";
			};
			name = Debug;
		};
		ADA78D7E29E17448000332FC /* Release */ = {
			isa = XCBuildConfiguration;
			buildSettings = {
				ASSETCATALOG_COMPILER_APPICON_NAME = AppIcon;
				ASSETCATALOG_COMPILER_GLOBAL_ACCENT_COLOR_NAME = AccentColor;
				CODE_SIGN_STYLE = Automatic;
				CURRENT_PROJECT_VERSION = 1;
				DEVELOPMENT_ASSET_PATHS = "\"SwiftVova/Preview Content\"";
				ENABLE_PREVIEWS = YES;
				GENERATE_INFOPLIST_FILE = YES;
				INFOPLIST_KEY_UIApplicationSceneManifest_Generation = YES;
				INFOPLIST_KEY_UIApplicationSupportsIndirectInputEvents = YES;
				INFOPLIST_KEY_UILaunchScreen_Generation = YES;
				INFOPLIST_KEY_UISupportedInterfaceOrientations_iPad = "UIInterfaceOrientationPortrait UIInterfaceOrientationPortraitUpsideDown UIInterfaceOrientationLandscapeLeft UIInterfaceOrientationLandscapeRight";
				INFOPLIST_KEY_UISupportedInterfaceOrientations_iPhone = "UIInterfaceOrientationPortrait UIInterfaceOrientationLandscapeLeft UIInterfaceOrientationLandscapeRight";
				LD_RUNPATH_SEARCH_PATHS = (
					"$(inherited)",
					"@executable_path/Frameworks",
				);
				MARKETING_VERSION = 1.0;
				PRODUCT_BUNDLE_IDENTIFIER = gtest.SwiftVova;
				PRODUCT_NAME = "$(TARGET_NAME)";
				SWIFT_EMIT_LOC_STRINGS = YES;
				SWIFT_VERSION = 5.0;
				TARGETED_DEVICE_FAMILY = "1,2";
			};
			name = Release;
		};
/* End XCBuildConfiguration section */

/* Begin XCConfigurationList section */
		ADA78D6929E17446000332FC /* Build configuration list for PBXProject "SwiftVova" */ = {
			isa = XCConfigurationList;
			buildConfigurations = (
				ADA78D7A29E17448000332FC /* Debug */,
				ADA78D7B29E17448000332FC /* Release */,
			);
			defaultConfigurationIsVisible = 0;
			defaultConfigurationName = Release;
		};
		ADA78D7C29E17448000332FC /* Build configuration list for PBXNativeTarget "SwiftVova" */ = {
			isa = XCConfigurationList;
			buildConfigurations = (
				ADA78D7D29E17448000332FC /* Debug */,
				ADA78D7E29E17448000332FC /* Release */,
			);
			defaultConfigurationIsVisible = 0;
			defaultConfigurationName = Release;
		};
/* End XCConfigurationList section */

/* Begin XCVersionGroup section */
		ADA78D8129E174F6000332FC /* CoreDataModel.xcdatamodeld */ = {
			isa = XCVersionGroup;
			children = (
				ADA78D8229E174F6000332FC /* CoreDataModel.xcdatamodel */,
			);
			currentVersion = ADA78D8229E174F6000332FC /* CoreDataModel.xcdatamodel */;
			path = CoreDataModel.xcdatamodeld;
			sourceTree = "<group>";
			versionGroupType = wrapper.xcdatamodel;
		};
/* End XCVersionGroup section */
	};
	rootObject = ADA78D6629E17446000332FC /* Project object */;
}
